
Microsoft Visual Studio Solution File, Format Version 12.00
# Visual Studio 15
VisualStudioVersion = 15.0.27703.2042
MinimumVisualStudioVersion = 10.0.40219.1
Project("{FAE04EC0-301F-11D3-BF4B-00C04F79EFBC}") = "WebAdvert.Web", "WebAdvert.Web\WebAdvert.Web.csproj", "{F6BC8EDA-A460-4B23-8409-E4CC7C4A7729}"
EndProject
Global
	GlobalSection(SolutionConfigurationPlatforms) = preSolution
		Debug|Any CPU = Debug|Any CPU
		Release|Any CPU = Release|Any CPU
	EndGlobalSection
	GlobalSection(ProjectConfigurationPlatforms) = postSolution
		{F6BC8EDA-A460-4B23-8409-E4CC7C4A7729}.Debug|Any CPU.ActiveCfg = Debug|Any CPU
		{F6BC8EDA-A460-4B23-8409-E4CC7C4A7729}.Debug|Any CPU.Build.0 = Debug|Any CPU
		{F6BC8EDA-A460-4B23-8409-E4CC7C4A7729}.Release|Any CPU.ActiveCfg = Release|Any CPU
		{F6BC8EDA-A460-4B23-8409-E4CC7C4A7729}.Release|Any CPU.Build.0 = Release|Any CPU
	EndGlobalSection
	GlobalSection(SolutionProperties) = preSolution
		HideSolutionNode = FALSE
	EndGlobalSection
	GlobalSection(ExtensibilityGlobals) = postSolution
		SolutionGuid = {0FADD84B-C6C6-4225-A2BA-8A50C586D7F2}
	EndGlobalSection
EndGlobal
